
Microsoft Visual Studio Solution File, Format Version 12.00
# Visual Studio 15
VisualStudioVersion = 15.0.26124.0
MinimumVisualStudioVersion = 15.0.26124.0
Project("{FAE04EC0-301F-11D3-BF4B-00C04F79EFBC}") = "Core", "Core\Core.csproj", "{542E1915-8E86-43A6-8B5B-EDD3ED73E42D}"
EndProject
Project("{FAE04EC0-301F-11D3-BF4B-00C04F79EFBC}") = "Server", "Server\Server.csproj", "{146AF193-F67E-4959-9FFB-C40A25066FB9}"
EndProject
Global
	GlobalSection(SolutionConfigurationPlatforms) = preSolution
		Debug|Any CPU = Debug|Any CPU
		Debug|x64 = Debug|x64
		Debug|x86 = Debug|x86
		Release|Any CPU = Release|Any CPU
		Release|x64 = Release|x64
		Release|x86 = Release|x86
	EndGlobalSection
	GlobalSection(SolutionProperties) = preSolution
		HideSolutionNode = FALSE
	EndGlobalSection
	GlobalSection(ProjectConfigurationPlatforms) = postSolution
		{542E1915-8E86-43A6-8B5B-EDD3ED73E42D}.Debug|Any CPU.ActiveCfg = Debug|Any CPU
		{542E1915-8E86-43A6-8B5B-EDD3ED73E42D}.Debug|Any CPU.Build.0 = Debug|Any CPU
		{542E1915-8E86-43A6-8B5B-EDD3ED73E42D}.Debug|x64.ActiveCfg = Debug|Any CPU
		{542E1915-8E86-43A6-8B5B-EDD3ED73E42D}.Debug|x64.Build.0 = Debug|Any CPU
		{542E1915-8E86-43A6-8B5B-EDD3ED73E42D}.Debug|x86.ActiveCfg = Debug|Any CPU
		{542E1915-8E86-43A6-8B5B-EDD3ED73E42D}.Debug|x86.Build.0 = Debug|Any CPU
		{542E1915-8E86-43A6-8B5B-EDD3ED73E42D}.Release|Any CPU.ActiveCfg = Release|Any CPU
		{542E1915-8E86-43A6-8B5B-EDD3ED73E42D}.Release|Any CPU.Build.0 = Release|Any CPU
		{542E1915-8E86-43A6-8B5B-EDD3ED73E42D}.Release|x64.ActiveCfg = Release|Any CPU
		{542E1915-8E86-43A6-8B5B-EDD3ED73E42D}.Release|x64.Build.0 = Release|Any CPU
		{542E1915-8E86-43A6-8B5B-EDD3ED73E42D}.Release|x86.ActiveCfg = Release|Any CPU
		{542E1915-8E86-43A6-8B5B-EDD3ED73E42D}.Release|x86.Build.0 = Release|Any CPU
		{146AF193-F67E-4959-9FFB-C40A25066FB9}.Debug|Any CPU.ActiveCfg = Debug|Any CPU
		{146AF193-F67E-4959-9FFB-C40A25066FB9}.Debug|Any CPU.Build.0 = Debug|Any CPU
		{146AF193-F67E-4959-9FFB-C40A25066FB9}.Debug|x64.ActiveCfg = Debug|Any CPU
		{146AF193-F67E-4959-9FFB-C40A25066FB9}.Debug|x64.Build.0 = Debug|Any CPU
		{146AF193-F67E-4959-9FFB-C40A25066FB9}.Debug|x86.ActiveCfg = Debug|Any CPU
		{146AF193-F67E-4959-9FFB-C40A25066FB9}.Debug|x86.Build.0 = Debug|Any CPU
		{146AF193-F67E-4959-9FFB-C40A25066FB9}.Release|Any CPU.ActiveCfg = Release|Any CPU
		{146AF193-F67E-4959-9FFB-C40A25066FB9}.Release|Any CPU.Build.0 = Release|Any CPU
		{146AF193-F67E-4959-9FFB-C40A25066FB9}.Release|x64.ActiveCfg = Release|Any CPU
		{146AF193-F67E-4959-9FFB-C40A25066FB9}.Release|x64.Build.0 = Release|Any CPU
		{146AF193-F67E-4959-9FFB-C40A25066FB9}.Release|x86.ActiveCfg = Release|Any CPU
		{146AF193-F67E-4959-9FFB-C40A25066FB9}.Release|x86.Build.0 = Release|Any CPU
	EndGlobalSection
EndGlobal
